
Microsoft Visual Studio Solution File, Format Version 12.00
# Visual Studio 15
Project("{FAE04EC0-301F-11D3-BF4B-00C04F79EFBC}") = "tictactoe", "tictactoe.csproj", "{06271A1F-F73A-4AA4-83D2-F45CC8E66B58}"
EndProject
Global
	GlobalSection(SolutionConfigurationPlatforms) = preSolution
		Debug|x86 = Debug|x86
		Release|x86 = Release|x86
	EndGlobalSection
	GlobalSection(ProjectConfigurationPlatforms) = postSolution
		{06271A1F-F73A-4AA4-83D2-F45CC8E66B58}.Debug|x86.ActiveCfg = Debug|x86
		{06271A1F-F73A-4AA4-83D2-F45CC8E66B58}.Debug|x86.Build.0 = Debug|x86
		{06271A1F-F73A-4AA4-83D2-F45CC8E66B58}.Release|x86.ActiveCfg = Release|x86
		{06271A1F-F73A-4AA4-83D2-F45CC8E66B58}.Release|x86.Build.0 = Release|x86
	EndGlobalSection
EndGlobal
